
Microsoft Visual Studio Solution File, Format Version 12.00
# Visual Studio Version 16
VisualStudioVersion = 16.0.30503.244
MinimumVisualStudioVersion = 10.0.40219.1
Project("{FAE04EC0-301F-11D3-BF4B-00C04F79EFBC}") = "SauceDemoTask", "SauceDemoTask.csproj", "{55FA39A8-1F1E-4128-BE39-4B08B0A92565}"
EndProject
Global
	GlobalSection(SolutionConfigurationPlatforms) = preSolution
		Debug|Any CPU = Debug|Any CPU
		Release|Any CPU = Release|Any CPU
	EndGlobalSection
	GlobalSection(ProjectConfigurationPlatforms) = postSolution
		{55FA39A8-1F1E-4128-BE39-4B08B0A92565}.Debug|Any CPU.ActiveCfg = Debug|Any CPU
		{55FA39A8-1F1E-4128-BE39-4B08B0A92565}.Debug|Any CPU.Build.0 = Debug|Any CPU
		{55FA39A8-1F1E-4128-BE39-4B08B0A92565}.Release|Any CPU.ActiveCfg = Release|Any CPU
		{55FA39A8-1F1E-4128-BE39-4B08B0A92565}.Release|Any CPU.Build.0 = Release|Any CPU
	EndGlobalSection
	GlobalSection(SolutionProperties) = preSolution
		HideSolutionNode = FALSE
	EndGlobalSection
	GlobalSection(ExtensibilityGlobals) = postSolution
		SolutionGuid = {0AEE9F6E-AB88-463D-B650-13505291AEF0}
	EndGlobalSection
EndGlobal
